// !$*UTF8*$!
{
	archiveVersion = 1;
	classes = {
	};
	objectVersion = 55;
	objects = {

/* Begin PBXBuildFile section */
		711B0072F0C82FD21E583922 /* Pods_RealtimeMusicClass.framework in Frameworks */ = {isa = PBXBuildFile; fileRef = 1F6CBCA86E56A543DC7A1ACD /* Pods_RealtimeMusicClass.framework */; };
		AB6C311427A16B3900CFEC15 /* AppDelegate.swift in Sources */ = {isa = PBXBuildFile; fileRef = AB6C311327A16B3900CFEC15 /* AppDelegate.swift */; };
		AB6C311D27A16B3B00CFEC15 /* Assets.xcassets in Resources */ = {isa = PBXBuildFile; fileRef = AB6C311C27A16B3B00CFEC15 /* Assets.xcassets */; };
		AB6C312027A16B3B00CFEC15 /* LaunchScreen.storyboard in Resources */ = {isa = PBXBuildFile; fileRef = AB6C311E27A16B3B00CFEC15 /* LaunchScreen.storyboard */; };
/* End PBXBuildFile section */

/* Begin PBXCopyFilesBuildPhase section */
		E39BDAD427DF39E300753CFD /* Embed Frameworks */ = {
			isa = PBXCopyFilesBuildPhase;
			buildActionMask = 2147483647;
			dstPath = "";
			dstSubfolderSpec = 10;
			files = (
			);
			name = "Embed Frameworks";
			runOnlyForDeploymentPostprocessing = 0;
		};
/* End PBXCopyFilesBuildPhase section */

/* Begin PBXFileReference section */
		1B6FA56604262EF7CE75605D /* Pods-RealtimeMusicClass.debug.xcconfig */ = {isa = PBXFileReference; includeInIndex = 1; lastKnownFileType = text.xcconfig; name = "Pods-RealtimeMusicClass.debug.xcconfig"; path = "Target Support Files/Pods-RealtimeMusicClass/Pods-RealtimeMusicClass.debug.xcconfig"; sourceTree = "<group>"; };
		1F6CBCA86E56A543DC7A1ACD /* Pods_RealtimeMusicClass.framework */ = {isa = PBXFileReference; explicitFileType = wrapper.framework; includeInIndex = 0; path = Pods_RealtimeMusicClass.framework; sourceTree = BUILT_PRODUCTS_DIR; };
		75310E8C15D31ED82E627492 /* Pods-RealtimeMusicClass.release.xcconfig */ = {isa = PBXFileReference; includeInIndex = 1; lastKnownFileType = text.xcconfig; name = "Pods-RealtimeMusicClass.release.xcconfig"; path = "Target Support Files/Pods-RealtimeMusicClass/Pods-RealtimeMusicClass.release.xcconfig"; sourceTree = "<group>"; };
		AB00823727E1DEDC0028DF5C /* RealtimeMusicClass.entitlements */ = {isa = PBXFileReference; lastKnownFileType = text.plist.entitlements; path = RealtimeMusicClass.entitlements; sourceTree = "<group>"; };
		AB02EE4027EAFAF500AE8C33 /* zh-Hans */ = {isa = PBXFileReference; lastKnownFileType = text.plist.strings; name = "zh-Hans"; path = "zh-Hans.lproj/LaunchScreen.strings"; sourceTree = "<group>"; };
		AB6C311027A16B3900CFEC15 /* RealtimeMusicClass.app */ = {isa = PBXFileReference; explicitFileType = wrapper.application; includeInIndex = 0; path = RealtimeMusicClass.app; sourceTree = BUILT_PRODUCTS_DIR; };
		AB6C311327A16B3900CFEC15 /* AppDelegate.swift */ = {isa = PBXFileReference; lastKnownFileType = sourcecode.swift; path = AppDelegate.swift; sourceTree = "<group>"; };
		AB6C311C27A16B3B00CFEC15 /* Assets.xcassets */ = {isa = PBXFileReference; lastKnownFileType = folder.assetcatalog; path = Assets.xcassets; sourceTree = "<group>"; };
		AB6C311F27A16B3B00CFEC15 /* Base */ = {isa = PBXFileReference; lastKnownFileType = file.storyboard; name = Base; path = Base.lproj/LaunchScreen.storyboard; sourceTree = "<group>"; };
		AB6C312127A16B3B00CFEC15 /* Info.plist */ = {isa = PBXFileReference; lastKnownFileType = text.plist.xml; path = Info.plist; sourceTree = "<group>"; };
		ABE2A23027EAFBF300D71761 /* zh-Hant */ = {isa = PBXFileReference; lastKnownFileType = text.plist.strings; name = "zh-Hant"; path = "zh-Hant.lproj/LaunchScreen.strings"; sourceTree = "<group>"; };
/* End PBXFileReference section */

/* Begin PBXFrameworksBuildPhase section */
		AB6C310D27A16B3900CFEC15 /* Frameworks */ = {
			isa = PBXFrameworksBuildPhase;
			buildActionMask = 2147483647;
			files = (
				711B0072F0C82FD21E583922 /* Pods_RealtimeMusicClass.framework in Frameworks */,
			);
			runOnlyForDeploymentPostprocessing = 0;
		};
/* End PBXFrameworksBuildPhase section */

/* Begin PBXGroup section */
		90C6F53288DACC4C214A6691 /* Pods */ = {
			isa = PBXGroup;
			children = (
				1B6FA56604262EF7CE75605D /* Pods-RealtimeMusicClass.debug.xcconfig */,
				75310E8C15D31ED82E627492 /* Pods-RealtimeMusicClass.release.xcconfig */,
			);
			path = Pods;
			sourceTree = "<group>";
		};
		9F2A994E07FD521E04D86BAC /* Frameworks */ = {
			isa = PBXGroup;
			children = (
				1F6CBCA86E56A543DC7A1ACD /* Pods_RealtimeMusicClass.framework */,
			);
			name = Frameworks;
			sourceTree = "<group>";
		};
		AB6C310727A16B3900CFEC15 = {
			isa = PBXGroup;
			children = (
				AB6C311227A16B3900CFEC15 /* RealtimeMusicClass */,
				AB6C311127A16B3900CFEC15 /* Products */,
				90C6F53288DACC4C214A6691 /* Pods */,
				9F2A994E07FD521E04D86BAC /* Frameworks */,
			);
			sourceTree = "<group>";
		};
		AB6C311127A16B3900CFEC15 /* Products */ = {
			isa = PBXGroup;
			children = (
				AB6C311027A16B3900CFEC15 /* RealtimeMusicClass.app */,
			);
			name = Products;
			sourceTree = "<group>";
		};
		AB6C311227A16B3900CFEC15 /* RealtimeMusicClass */ = {
			isa = PBXGroup;
			children = (
				AB00823727E1DEDC0028DF5C /* RealtimeMusicClass.entitlements */,
				AB6C311327A16B3900CFEC15 /* AppDelegate.swift */,
				AB6C311C27A16B3B00CFEC15 /* Assets.xcassets */,
				AB6C311E27A16B3B00CFEC15 /* LaunchScreen.storyboard */,
				AB6C312127A16B3B00CFEC15 /* Info.plist */,
			);
			path = RealtimeMusicClass;
			sourceTree = "<group>";
		};
/* End PBXGroup section */

/* Begin PBXNativeTarget section */
		AB6C310F27A16B3900CFEC15 /* RealtimeMusicClass */ = {
			isa = PBXNativeTarget;
			buildConfigurationList = AB6C312427A16B3B00CFEC15 /* Build configuration list for PBXNativeTarget "RealtimeMusicClass" */;
			buildPhases = (
				0C6779FD5F61F8A3E07AE125 /* [CP] Check Pods Manifest.lock */,
				AB6C310C27A16B3900CFEC15 /* Sources */,
				AB6C310D27A16B3900CFEC15 /* Frameworks */,
				AB6C310E27A16B3900CFEC15 /* Resources */,
				3A38EC3D08107AFD62ECECCF /* [CP] Embed Pods Frameworks */,
				E39BDAD427DF39E300753CFD /* Embed Frameworks */,
			);
			buildRules = (
			);
			dependencies = (
			);
			name = RealtimeMusicClass;
			productName = RealtimeMusicClass;
			productReference = AB6C311027A16B3900CFEC15 /* RealtimeMusicClass.app */;
			productType = "com.apple.product-type.application";
		};
/* End PBXNativeTarget section */

/* Begin PBXProject section */
		AB6C310827A16B3900CFEC15 /* Project object */ = {
			isa = PBXProject;
			attributes = {
				BuildIndependentTargetsInParallel = 1;
				LastSwiftUpdateCheck = 1320;
				LastUpgradeCheck = 1320;
				TargetAttributes = {
					AB6C310F27A16B3900CFEC15 = {
						CreatedOnToolsVersion = 13.2.1;
					};
				};
			};
			buildConfigurationList = AB6C310B27A16B3900CFEC15 /* Build configuration list for PBXProject "RealtimeMusicClass" */;
			compatibilityVersion = "Xcode 13.0";
			developmentRegion = en;
			hasScannedForEncodings = 0;
			knownRegions = (
				en,
				Base,
				"zh-Hans",
				"zh-Hant",
			);
			mainGroup = AB6C310727A16B3900CFEC15;
			productRefGroup = AB6C311127A16B3900CFEC15 /* Products */;
			projectDirPath = "";
			projectRoot = "";
			targets = (
				AB6C310F27A16B3900CFEC15 /* RealtimeMusicClass */,
			);
		};
/* End PBXProject section */

/* Begin PBXResourcesBuildPhase section */
		AB6C310E27A16B3900CFEC15 /* Resources */ = {
			isa = PBXResourcesBuildPhase;
			buildActionMask = 2147483647;
			files = (
				AB6C312027A16B3B00CFEC15 /* LaunchScreen.storyboard in Resources */,
				AB6C311D27A16B3B00CFEC15 /* Assets.xcassets in Resources */,
			);
			runOnlyForDeploymentPostprocessing = 0;
		};
/* End PBXResourcesBuildPhase section */

/* Begin PBXShellScriptBuildPhase section */
		0C6779FD5F61F8A3E07AE125 /* [CP] Check Pods Manifest.lock */ = {
			isa = PBXShellScriptBuildPhase;
			buildActionMask = 2147483647;
			files = (
			);
			inputFileListPaths = (
			);
			inputPaths = (
				"${PODS_PODFILE_DIR_PATH}/Podfile.lock",
				"${PODS_ROOT}/Manifest.lock",
			);
			name = "[CP] Check Pods Manifest.lock";
			outputFileListPaths = (
			);
			outputPaths = (
				"$(DERIVED_FILE_DIR)/Pods-RealtimeMusicClass-checkManifestLockResult.txt",
			);
			runOnlyForDeploymentPostprocessing = 0;
			shellPath = /bin/sh;
			shellScript = "diff \"${PODS_PODFILE_DIR_PATH}/Podfile.lock\" \"${PODS_ROOT}/Manifest.lock\" > /dev/null\nif [ $? != 0 ] ; then\n    # print error to STDERR\n    echo \"error: The sandbox is not in sync with the Podfile.lock. Run 'pod install' or update your CocoaPods installation.\" >&2\n    exit 1\nfi\n# This output is used by Xcode 'outputs' to avoid re-running this script phase.\necho \"SUCCESS\" > \"${SCRIPT_OUTPUT_FILE_0}\"\n";
			showEnvVarsInLog = 0;
		};
		3A38EC3D08107AFD62ECECCF /* [CP] Embed Pods Frameworks */ = {
			isa = PBXShellScriptBuildPhase;
			buildActionMask = 2147483647;
			files = (
			);
			inputFileListPaths = (
				"${PODS_ROOT}/Target Support Files/Pods-RealtimeMusicClass/Pods-RealtimeMusicClass-frameworks-${CONFIGURATION}-input-files.xcfilelist",
			);
			name = "[CP] Embed Pods Frameworks";
			outputFileListPaths = (
				"${PODS_ROOT}/Target Support Files/Pods-RealtimeMusicClass/Pods-RealtimeMusicClass-frameworks-${CONFIGURATION}-output-files.xcfilelist",
			);
			runOnlyForDeploymentPostprocessing = 0;
			shellPath = /bin/sh;
			shellScript = "\"${PODS_ROOT}/Target Support Files/Pods-RealtimeMusicClass/Pods-RealtimeMusicClass-frameworks.sh\"\n";
			showEnvVarsInLog = 0;
		};
/* End PBXShellScriptBuildPhase section */

/* Begin PBXSourcesBuildPhase section */
		AB6C310C27A16B3900CFEC15 /* Sources */ = {
			isa = PBXSourcesBuildPhase;
			buildActionMask = 2147483647;
			files = (
				AB6C311427A16B3900CFEC15 /* AppDelegate.swift in Sources */,
			);
			runOnlyForDeploymentPostprocessing = 0;
		};
/* End PBXSourcesBuildPhase section */

/* Begin PBXVariantGroup section */
		AB6C311E27A16B3B00CFEC15 /* LaunchScreen.storyboard */ = {
			isa = PBXVariantGroup;
			children = (
				AB6C311F27A16B3B00CFEC15 /* Base */,
				AB02EE4027EAFAF500AE8C33 /* zh-Hans */,
				ABE2A23027EAFBF300D71761 /* zh-Hant */,
			);
			name = LaunchScreen.storyboard;
			sourceTree = "<group>";
		};
/* End PBXVariantGroup section */

/* Begin XCBuildConfiguration section */
		AB6C312227A16B3B00CFEC15 /* Debug */ = {
			isa = XCBuildConfiguration;
			buildSettings = {
				ALWAYS_SEARCH_USER_PATHS = NO;
				CLANG_ANALYZER_LOCALIZABILITY_NONLOCALIZED = YES;
				CLANG_ANALYZER_NONNULL = YES;
				CLANG_ANALYZER_NUMBER_OBJECT_CONVERSION = YES_AGGRESSIVE;
				CLANG_CXX_LANGUAGE_STANDARD = "gnu++17";
				CLANG_CXX_LIBRARY = "libc++";
				CLANG_ENABLE_MODULES = YES;
				CLANG_ENABLE_OBJC_ARC = YES;
				CLANG_ENABLE_OBJC_WEAK = YES;
				CLANG_WARN_BLOCK_CAPTURE_AUTORELEASING = YES;
				CLANG_WARN_BOOL_CONVERSION = YES;
				CLANG_WARN_COMMA = YES;
				CLANG_WARN_CONSTANT_CONVERSION = YES;
				CLANG_WARN_DEPRECATED_OBJC_IMPLEMENTATIONS = YES;
				CLANG_WARN_DIRECT_OBJC_ISA_USAGE = YES_ERROR;
				CLANG_WARN_DOCUMENTATION_COMMENTS = YES;
				CLANG_WARN_EMPTY_BODY = YES;
				CLANG_WARN_ENUM_CONVERSION = YES;
				CLANG_WARN_INFINITE_RECURSION = YES;
				CLANG_WARN_INT_CONVERSION = YES;
				CLANG_WARN_NON_LITERAL_NULL_CONVERSION = YES;
				CLANG_WARN_OBJC_IMPLICIT_RETAIN_SELF = YES;
				CLANG_WARN_OBJC_LITERAL_CONVERSION = YES;
				CLANG_WARN_OBJC_ROOT_CLASS = YES_ERROR;
				CLANG_WARN_QUOTED_INCLUDE_IN_FRAMEWORK_HEADER = YES;
				CLANG_WARN_RANGE_LOOP_ANALYSIS = YES;
				CLANG_WARN_STRICT_PROTOTYPES = YES;
				CLANG_WARN_SUSPICIOUS_MOVE = YES;
				CLANG_WARN_UNGUARDED_AVAILABILITY = YES_AGGRESSIVE;
				CLANG_WARN_UNREACHABLE_CODE = YES;
				CLANG_WARN__DUPLICATE_METHOD_MATCH = YES;
				COPY_PHASE_STRIP = NO;
				DEBUG_INFORMATION_FORMAT = dwarf;
				ENABLE_STRICT_OBJC_MSGSEND = YES;
				ENABLE_TESTABILITY = YES;
				GCC_C_LANGUAGE_STANDARD = gnu11;
				GCC_DYNAMIC_NO_PIC = NO;
				GCC_NO_COMMON_BLOCKS = YES;
				GCC_OPTIMIZATION_LEVEL = 0;
				GCC_PREPROCESSOR_DEFINITIONS = (
					"DEBUG=1",
					"$(inherited)",
				);
				GCC_WARN_64_TO_32_BIT_CONVERSION = YES;
				GCC_WARN_ABOUT_RETURN_TYPE = YES_ERROR;
				GCC_WARN_UNDECLARED_SELECTOR = YES;
				GCC_WARN_UNINITIALIZED_AUTOS = YES_AGGRESSIVE;
				GCC_WARN_UNUSED_FUNCTION = YES;
				GCC_WARN_UNUSED_VARIABLE = YES;
				IPHONEOS_DEPLOYMENT_TARGET = 15.2;
				MTL_ENABLE_DEBUG_INFO = INCLUDE_SOURCE;
				MTL_FAST_MATH = YES;
				ONLY_ACTIVE_ARCH = YES;
				SDKROOT = iphoneos;
				SWIFT_ACTIVE_COMPILATION_CONDITIONS = DEBUG;
				SWIFT_OPTIMIZATION_LEVEL = "-Onone";
			};
			name = Debug;
		};
		AB6C312327A16B3B00CFEC15 /* Release */ = {
			isa = XCBuildConfiguration;
			buildSettings = {
				ALWAYS_SEARCH_USER_PATHS = NO;
				CLANG_ANALYZER_LOCALIZABILITY_NONLOCALIZED = YES;
				CLANG_ANALYZER_NONNULL = YES;
				CLANG_ANALYZER_NUMBER_OBJECT_CONVERSION = YES_AGGRESSIVE;
				CLANG_CXX_LANGUAGE_STANDARD = "gnu++17";
				CLANG_CXX_LIBRARY = "libc++";
				CLANG_ENABLE_MODULES = YES;
				CLANG_ENABLE_OBJC_ARC = YES;
				CLANG_ENABLE_OBJC_WEAK = YES;
				CLANG_WARN_BLOCK_CAPTURE_AUTORELEASING = YES;
				CLANG_WARN_BOOL_CONVERSION = YES;
				CLANG_WARN_COMMA = YES;
				CLANG_WARN_CONSTANT_CONVERSION = YES;
				CLANG_WARN_DEPRECATED_OBJC_IMPLEMENTATIONS = YES;
				CLANG_WARN_DIRECT_OBJC_ISA_USAGE = YES_ERROR;
				CLANG_WARN_DOCUMENTATION_COMMENTS = YES;
				CLANG_WARN_EMPTY_BODY = YES;
				CLANG_WARN_ENUM_CONVERSION = YES;
				CLANG_WARN_INFINITE_RECURSION = YES;
				CLANG_WARN_INT_CONVERSION = YES;
				CLANG_WARN_NON_LITERAL_NULL_CONVERSION = YES;
				CLANG_WARN_OBJC_IMPLICIT_RETAIN_SELF = YES;
				CLANG_WARN_OBJC_LITERAL_CONVERSION = YES;
				CLANG_WARN_OBJC_ROOT_CLASS = YES_ERROR;
				CLANG_WARN_QUOTED_INCLUDE_IN_FRAMEWORK_HEADER = YES;
				CLANG_WARN_RANGE_LOOP_ANALYSIS = YES;
				CLANG_WARN_STRICT_PROTOTYPES = YES;
				CLANG_WARN_SUSPICIOUS_MOVE = YES;
				CLANG_WARN_UNGUARDED_AVAILABILITY = YES_AGGRESSIVE;
				CLANG_WARN_UNREACHABLE_CODE = YES;
				CLANG_WARN__DUPLICATE_METHOD_MATCH = YES;
				COPY_PHASE_STRIP = NO;
				DEBUG_INFORMATION_FORMAT = "dwarf-with-dsym";
				ENABLE_NS_ASSERTIONS = NO;
				ENABLE_STRICT_OBJC_MSGSEND = YES;
				GCC_C_LANGUAGE_STANDARD = gnu11;
				GCC_NO_COMMON_BLOCKS = YES;
				GCC_WARN_64_TO_32_BIT_CONVERSION = YES;
				GCC_WARN_ABOUT_RETURN_TYPE = YES_ERROR;
				GCC_WARN_UNDECLARED_SELECTOR = YES;
				GCC_WARN_UNINITIALIZED_AUTOS = YES_AGGRESSIVE;
				GCC_WARN_UNUSED_FUNCTION = YES;
				GCC_WARN_UNUSED_VARIABLE = YES;
				IPHONEOS_DEPLOYMENT_TARGET = 15.2;
				MTL_ENABLE_DEBUG_INFO = NO;
				MTL_FAST_MATH = YES;
				SDKROOT = iphoneos;
				SWIFT_COMPILATION_MODE = wholemodule;
				SWIFT_OPTIMIZATION_LEVEL = "-O";
				VALIDATE_PRODUCT = YES;
			};
			name = Release;
		};
		AB6C312527A16B3B00CFEC15 /* Debug */ = {
			isa = XCBuildConfiguration;
			baseConfigurationReference = 1B6FA56604262EF7CE75605D /* Pods-RealtimeMusicClass.debug.xcconfig */;
			buildSettings = {
				ASSETCATALOG_COMPILER_APPICON_NAME = AppIcon;
				ASSETCATALOG_COMPILER_GLOBAL_ACCENT_COLOR_NAME = AccentColor;
				CODE_SIGN_ENTITLEMENTS = RealtimeMusicClass/RealtimeMusicClass.entitlements;
				CODE_SIGN_IDENTITY = "Apple Development";
				CODE_SIGN_STYLE = Automatic;
				CURRENT_PROJECT_VERSION = 9;
				DEVELOPMENT_TEAM = B8JXV8ZYC7;
				EXCLUDED_ARCHS = "";
				GENERATE_INFOPLIST_FILE = YES;
				INFOPLIST_FILE = RealtimeMusicClass/Info.plist;
				INFOPLIST_KEY_CFBundleDisplayName = "音乐灵动课堂";
				INFOPLIST_KEY_NSCameraUsageDescription = "是否允许此App使用你的相机？";
				INFOPLIST_KEY_NSMicrophoneUsageDescription = "是否允许此App使用你的麦克风？";
				INFOPLIST_KEY_NSPhotoLibraryUsageDescription = "是否允许该App使用相册？";
				INFOPLIST_KEY_UIApplicationSupportsIndirectInputEvents = YES;
				INFOPLIST_KEY_UILaunchStoryboardName = LaunchScreen;
				INFOPLIST_KEY_UISupportedInterfaceOrientations = UIInterfaceOrientationPortrait;
				INFOPLIST_KEY_UISupportedInterfaceOrientations_iPad = "UIInterfaceOrientationPortrait UIInterfaceOrientationPortraitUpsideDown UIInterfaceOrientationLandscapeLeft UIInterfaceOrientationLandscapeRight";
				INFOPLIST_KEY_UISupportedInterfaceOrientations_iPhone = "UIInterfaceOrientationPortrait UIInterfaceOrientationLandscapeLeft UIInterfaceOrientationLandscapeRight";
				INFOPLIST_KEY_UIUserInterfaceStyle = Light;
				IPHONEOS_DEPLOYMENT_TARGET = 10.0;
				LD_RUNPATH_SEARCH_PATHS = (
					"$(inherited)",
					"@executable_path/Frameworks",
				);
				MARKETING_VERSION = 1.0.1;
				PRODUCT_BUNDLE_IDENTIFIER = io.agora.RealtimeMusicClass;
				PRODUCT_NAME = "$(TARGET_NAME)";
				PROVISIONING_PROFILE_SPECIFIER = "";
				SWIFT_EMIT_LOC_STRINGS = YES;
				SWIFT_VERSION = 5.0;
				TARGETED_DEVICE_FAMILY = "1,2";
			};
			name = Debug;
		};
		AB6C312627A16B3B00CFEC15 /* Release */ = {
			isa = XCBuildConfiguration;
			baseConfigurationReference = 75310E8C15D31ED82E627492 /* Pods-RealtimeMusicClass.release.xcconfig */;
			buildSettings = {
				ASSETCATALOG_COMPILER_APPICON_NAME = AppIcon;
				ASSETCATALOG_COMPILER_GLOBAL_ACCENT_COLOR_NAME = AccentColor;
				CODE_SIGN_ENTITLEMENTS = RealtimeMusicClass/RealtimeMusicClass.entitlements;
				CODE_SIGN_IDENTITY = "Apple Development";
				CODE_SIGN_STYLE = Automatic;
				CURRENT_PROJECT_VERSION = 9;
				DEVELOPMENT_TEAM = B8JXV8ZYC7;
				EXCLUDED_ARCHS = "";
				GENERATE_INFOPLIST_FILE = YES;
				INFOPLIST_FILE = RealtimeMusicClass/Info.plist;
				INFOPLIST_KEY_CFBundleDisplayName = "音乐灵动课堂";
				INFOPLIST_KEY_NSCameraUsageDescription = "是否允许此App使用你的相机？";
				INFOPLIST_KEY_NSMicrophoneUsageDescription = "是否允许此App使用你的麦克风？";
				INFOPLIST_KEY_NSPhotoLibraryUsageDescription = "是否允许该App使用相册？";
				INFOPLIST_KEY_UIApplicationSupportsIndirectInputEvents = YES;
				INFOPLIST_KEY_UILaunchStoryboardName = LaunchScreen;
				INFOPLIST_KEY_UISupportedInterfaceOrientations = UIInterfaceOrientationPortrait;
				INFOPLIST_KEY_UISupportedInterfaceOrientations_iPad = "UIInterfaceOrientationPortrait UIInterfaceOrientationPortraitUpsideDown UIInterfaceOrientationLandscapeLeft UIInterfaceOrientationLandscapeRight";
				INFOPLIST_KEY_UISupportedInterfaceOrientations_iPhone = "UIInterfaceOrientationPortrait UIInterfaceOrientationLandscapeLeft UIInterfaceOrientationLandscapeRight";
				INFOPLIST_KEY_UIUserInterfaceStyle = Light;
				IPHONEOS_DEPLOYMENT_TARGET = 10.0;
				LD_RUNPATH_SEARCH_PATHS = (
					"$(inherited)",
					"@executable_path/Frameworks",
				);
				MARKETING_VERSION = 1.0.1;
				PRODUCT_BUNDLE_IDENTIFIER = io.agora.RealtimeMusicClass;
				PRODUCT_NAME = "$(TARGET_NAME)";
				PROVISIONING_PROFILE_SPECIFIER = "";
				SWIFT_EMIT_LOC_STRINGS = YES;
				SWIFT_VERSION = 5.0;
				TARGETED_DEVICE_FAMILY = "1,2";
			};
			name = Release;
		};
/* End XCBuildConfiguration section */

/* Begin XCConfigurationList section */
		AB6C310B27A16B3900CFEC15 /* Build configuration list for PBXProject "RealtimeMusicClass" */ = {
			isa = XCConfigurationList;
			buildConfigurations = (
				AB6C312227A16B3B00CFEC15 /* Debug */,
				AB6C312327A16B3B00CFEC15 /* Release */,
			);
			defaultConfigurationIsVisible = 0;
			defaultConfigurationName = Release;
		};
		AB6C312427A16B3B00CFEC15 /* Build configuration list for PBXNativeTarget "RealtimeMusicClass" */ = {
			isa = XCConfigurationList;
			buildConfigurations = (
				AB6C312527A16B3B00CFEC15 /* Debug */,
				AB6C312627A16B3B00CFEC15 /* Release */,
			);
			defaultConfigurationIsVisible = 0;
			defaultConfigurationName = Release;
		};
/* End XCConfigurationList section */
	};
	rootObject = AB6C310827A16B3900CFEC15 /* Project object */;
}
